{
  "version": 4,
  "terraform_version": "1.14.3",
  "serial": 144,
  "lineage": "3203b080-e141-6155-5d14-18e9e8b0e141",
  "outputs": {},
  "resources": [
    {
      "mode": "managed",
      "type": "oci_core_default_route_table",
      "name": "render_route_table",
      "provider": "provider[\"registry.terraform.io/oracle/oci\"]",
      "instances": [
        {
          "schema_version": 0,
          "attributes": {
            "compartment_id": "ocid1.tenancy.oc1..aaaaaaaax7etnfqnplxrbx3tedhpeuvkz4xvqkm5c5asdd4qmzgka3qtem7q",
            "defined_tags": {
              "Oracle-Tags.CreatedBy": "default/shashamit3@gmail.com",
              "Oracle-Tags.CreatedOn": "2026-01-07T12:27:07.898Z"
            },
            "display_name": "render_route_table",
            "freeform_tags": {},
            "id": "ocid1.routetable.oc1.il-jerusalem-1.aaaaaaaabaspoebe5ewytxm2iv4ftm343qrfgaj373fh2eqkuzl6ns6by6kq",
            "manage_default_resource_id": "ocid1.routetable.oc1.il-jerusalem-1.aaaaaaaabaspoebe5ewytxm2iv4ftm343qrfgaj373fh2eqkuzl6ns6by6kq",
            "route_rules": [
              {
                "cidr_block": "",
                "description": "",
                "destination": "0.0.0.0/0",
                "destination_type": "CIDR_BLOCK",
                "network_entity_id": "ocid1.internetgateway.oc1.il-jerusalem-1.aaaaaaaaxjxk7k6vhyzwwltmcvsx6ubllhpspiv3javw6bct757nkafmhaya",
                "route_type": "STATIC"
              }
            ],
            "state": "AVAILABLE",
            "time_created": "2026-01-07 12:27:07.941 +0000 UTC",
            "timeouts": null
          },
          "sensitive_attributes": [],
          "identity_schema_version": 0,
          "private": "eyJlMmJmYjczMC1lY2FhLTExZTYtOGY4OC0zNDM2M2JjN2M0YzAiOnsiY3JlYXRlIjoxMjAwMDAwMDAwMDAwLCJkZWxldGUiOjEyMDAwMDAwMDAwMDAsInVwZGF0ZSI6MTIwMDAwMDAwMDAwMH19",
          "dependencies": [
            "oci_core_internet_gateway.render_ig",
            "oci_core_vcn.render_vcn"
          ]
        }
      ]
    },
    {
      "mode": "managed",
      "type": "oci_core_default_security_list",
      "name": "render_security_list",
      "provider": "provider[\"registry.terraform.io/oracle/oci\"]",
      "instances": [
        {
          "schema_version": 0,
          "attributes": {
            "compartment_id": "ocid1.tenancy.oc1..aaaaaaaax7etnfqnplxrbx3tedhpeuvkz4xvqkm5c5asdd4qmzgka3qtem7q",
            "defined_tags": {
              "Oracle-Tags.CreatedBy": "default/shashamit3@gmail.com",
              "Oracle-Tags.CreatedOn": "2026-01-07T12:27:07.898Z"
            },
            "display_name": "render_security_list",
            "egress_security_rules": [
              {
                "description": "",
                "destination": "0.0.0.0/0",
                "destination_type": "CIDR_BLOCK",
                "icmp_options": [],
                "protocol": "all",
                "stateless": false,
                "tcp_options": [],
                "udp_options": []
              }
            ],
            "freeform_tags": {},
            "id": "ocid1.securitylist.oc1.il-jerusalem-1.aaaaaaaahgpm4hciymofdyyqdl3y262ifmzqmprli63cv3niniib47lij3xa",
            "ingress_security_rules": [
              {
                "description": "",
                "icmp_options": [],
                "protocol": "6",
                "source": "0.0.0.0/0",
                "source_type": "CIDR_BLOCK",
                "stateless": false,
                "tcp_options": [
                  {
                    "max": 22,
                    "min": 22,
                    "source_port_range": []
                  }
                ],
                "udp_options": []
              },
              {
                "description": "",
                "icmp_options": [],
                "protocol": "6",
                "source": "0.0.0.0/0",
                "source_type": "CIDR_BLOCK",
                "stateless": false,
                "tcp_options": [
                  {
                    "max": 80,
                    "min": 80,
                    "source_port_range": []
                  }
                ],
                "udp_options": []
              }
            ],
            "manage_default_resource_id": "ocid1.securitylist.oc1.il-jerusalem-1.aaaaaaaahgpm4hciymofdyyqdl3y262ifmzqmprli63cv3niniib47lij3xa",
            "state": "AVAILABLE",
            "time_created": "2026-01-07 12:27:07.941 +0000 UTC",
            "timeouts": null
          },
          "sensitive_attributes": [],
          "identity_schema_version": 0,
          "private": "eyJlMmJmYjczMC1lY2FhLTExZTYtOGY4OC0zNDM2M2JjN2M0YzAiOnsiY3JlYXRlIjoxMjAwMDAwMDAwMDAwLCJkZWxldGUiOjEyMDAwMDAwMDAwMDAsInVwZGF0ZSI6MTIwMDAwMDAwMDAwMH19",
          "dependencies": [
            "oci_core_vcn.render_vcn"
          ]
        }
      ]
    },
    {
      "mode": "managed",
      "type": "oci_core_internet_gateway",
      "name": "render_ig",
      "provider": "provider[\"registry.terraform.io/oracle/oci\"]",
      "instances": [
        {
          "schema_version": 0,
          "attributes": {
            "compartment_id": "ocid1.tenancy.oc1..aaaaaaaax7etnfqnplxrbx3tedhpeuvkz4xvqkm5c5asdd4qmzgka3qtem7q",
            "defined_tags": {
              "Oracle-Tags.CreatedBy": "default/shashamit3@gmail.com",
              "Oracle-Tags.CreatedOn": "2026-01-07T12:27:08.420Z"
            },
            "display_name": "render_internet_gateway",
            "enabled": true,
            "freeform_tags": {},
            "id": "ocid1.internetgateway.oc1.il-jerusalem-1.aaaaaaaaxjxk7k6vhyzwwltmcvsx6ubllhpspiv3javw6bct757nkafmhaya",
            "route_table_id": null,
            "state": "AVAILABLE",
            "time_created": "2026-01-07 12:27:08.443 +0000 UTC",
            "timeouts": null,
            "vcn_id": "ocid1.vcn.oc1.il-jerusalem-1.amaaaaaa77u4iqiaz2m2qxvhsfoi3n5ee3lzu4sknhrwqt5uywzh2t5lidbq"
          },
          "sensitive_attributes": [],
          "identity_schema_version": 0,
          "private": "eyJlMmJmYjczMC1lY2FhLTExZTYtOGY4OC0zNDM2M2JjN2M0YzAiOnsiY3JlYXRlIjoxMjAwMDAwMDAwMDAwLCJkZWxldGUiOjEyMDAwMDAwMDAwMDAsInVwZGF0ZSI6MTIwMDAwMDAwMDAwMH19",
          "dependencies": [
            "oci_core_vcn.render_vcn"
          ]
        }
      ]
    },
    {
      "mode": "managed",
      "type": "oci_core_subnet",
      "name": "render_subnet",
      "provider": "provider[\"registry.terraform.io/oracle/oci\"]",
      "instances": [
        {
          "schema_version": 0,
          "attributes": {
            "availability_domain": null,
            "cidr_block": "10.0.1.0/24",
            "compartment_id": "ocid1.tenancy.oc1..aaaaaaaax7etnfqnplxrbx3tedhpeuvkz4xvqkm5c5asdd4qmzgka3qtem7q",
            "defined_tags": {
              "Oracle-Tags.CreatedBy": "default/shashamit3@gmail.com",
              "Oracle-Tags.CreatedOn": "2026-01-07T12:27:09.259Z"
            },
            "dhcp_options_id": "ocid1.dhcpoptions.oc1.il-jerusalem-1.aaaaaaaa22zixa4gpvyrz6opix4dympl7ncfogvwtza4jsu2wjdmkgwey2ea",
            "display_name": "render_subnet",
            "dns_label": "rendersubnet",
            "freeform_tags": {},
            "id": "ocid1.subnet.oc1.il-jerusalem-1.aaaaaaaadeoor6rzltabe5qrifhv72eyzww2dx2is4wl5t2msnp6nw62l6fq",
            "ipv4cidr_blocks": [
              "10.0.1.0/24"
            ],
            "ipv6cidr_block": null,
            "ipv6cidr_blocks": [],
            "ipv6virtual_router_ip": null,
            "prohibit_internet_ingress": false,
            "prohibit_public_ip_on_vnic": false,
            "route_table_id": "ocid1.routetable.oc1.il-jerusalem-1.aaaaaaaabaspoebe5ewytxm2iv4ftm343qrfgaj373fh2eqkuzl6ns6by6kq",
            "security_list_ids": [
              "ocid1.securitylist.oc1.il-jerusalem-1.aaaaaaaahgpm4hciymofdyyqdl3y262ifmzqmprli63cv3niniib47lij3xa"
            ],
            "state": "AVAILABLE",
            "subnet_domain_name": "rendersubnet.rendervcn.oraclevcn.com",
            "time_created": "2026-01-07 12:27:09.3 +0000 UTC",
            "timeouts": null,
            "vcn_id": "ocid1.vcn.oc1.il-jerusalem-1.amaaaaaa77u4iqiaz2m2qxvhsfoi3n5ee3lzu4sknhrwqt5uywzh2t5lidbq",
            "virtual_router_ip": "10.0.1.1",
            "virtual_router_mac": "00:00:17:63:3D:0F"
          },
          "sensitive_attributes": [],
          "identity_schema_version": 0,
          "private": "eyJlMmJmYjczMC1lY2FhLTExZTYtOGY4OC0zNDM2M2JjN2M0YzAiOnsiY3JlYXRlIjoxMjAwMDAwMDAwMDAwLCJkZWxldGUiOjEyMDAwMDAwMDAwMDAsInVwZGF0ZSI6MTIwMDAwMDAwMDAwMH19",
          "dependencies": [
            "oci_core_default_route_table.render_route_table",
            "oci_core_default_security_list.render_security_list",
            "oci_core_internet_gateway.render_ig",
            "oci_core_vcn.render_vcn"
          ]
        }
      ]
    },
    {
      "mode": "managed",
      "type": "oci_core_vcn",
      "name": "render_vcn",
      "provider": "provider[\"registry.terraform.io/oracle/oci\"]",
      "instances": [
        {
          "schema_version": 0,
          "attributes": {
            "byoipv6cidr_blocks": [],
            "byoipv6cidr_details": [],
            "cidr_block": "10.0.0.0/16",
            "cidr_blocks": [
              "10.0.0.0/16"
            ],
            "compartment_id": "ocid1.tenancy.oc1..aaaaaaaax7etnfqnplxrbx3tedhpeuvkz4xvqkm5c5asdd4qmzgka3qtem7q",
            "default_dhcp_options_id": "ocid1.dhcpoptions.oc1.il-jerusalem-1.aaaaaaaa22zixa4gpvyrz6opix4dympl7ncfogvwtza4jsu2wjdmkgwey2ea",
            "default_route_table_id": "ocid1.routetable.oc1.il-jerusalem-1.aaaaaaaabaspoebe5ewytxm2iv4ftm343qrfgaj373fh2eqkuzl6ns6by6kq",
            "default_security_list_id": "ocid1.securitylist.oc1.il-jerusalem-1.aaaaaaaahgpm4hciymofdyyqdl3y262ifmzqmprli63cv3niniib47lij3xa",
            "defined_tags": {
              "Oracle-Tags.CreatedBy": "default/shashamit3@gmail.com",
              "Oracle-Tags.CreatedOn": "2026-01-07T12:27:07.898Z"
            },
            "display_name": "render_vcn",
            "dns_label": "rendervcn",
            "freeform_tags": {},
            "id": "ocid1.vcn.oc1.il-jerusalem-1.amaaaaaa77u4iqiaz2m2qxvhsfoi3n5ee3lzu4sknhrwqt5uywzh2t5lidbq",
            "ipv6cidr_blocks": [],
            "ipv6private_cidr_blocks": [],
            "is_ipv6enabled": false,
            "is_oracle_gua_allocation_enabled": null,
            "security_attributes": {},
            "state": "AVAILABLE",
            "time_created": "2026-01-07 12:27:07.941 +0000 UTC",
            "timeouts": null,
            "vcn_domain_name": "rendervcn.oraclevcn.com"
          },
          "sensitive_attributes": [],
          "identity_schema_version": 0,
          "private": "eyJlMmJmYjczMC1lY2FhLTExZTYtOGY4OC0zNDM2M2JjN2M0YzAiOnsiY3JlYXRlIjoxMjAwMDAwMDAwMDAwLCJkZWxldGUiOjEyMDAwMDAwMDAwMDAsInVwZGF0ZSI6MTIwMDAwMDAwMDAwMH19"
        }
      ]
    }
  ],
  "check_results": null
}
