{
  "version": 4,
  "terraform_version": "1.14.3",
  "serial": 152,
  "lineage": "3203b080-e141-6155-5d14-18e9e8b0e141",
  "outputs": {
    "controller_public_ip": {
      "value": "129.159.152.122",
      "type": "string"
    },
    "frontend_bucket_url": {
      "value": "https://objectstorage.il-jerusalem-1.oraclecloud.com/n/axamiken9q9h/b/render_frontend_bucket/o/index.html",
      "type": "string"
    },
    "worker_private_ip": {
      "value": "10.0.1.244",
      "type": "string"
    }
  },
  "resources": [
    {
      "mode": "data",
      "type": "oci_core_images",
      "name": "ubuntu_x86",
      "provider": "provider[\"registry.terraform.io/oracle/oci\"]",
      "instances": [
        {
          "schema_version": 0,
          "attributes": {
            "compartment_id": "ocid1.tenancy.oc1..aaaaaaaax7etnfqnplxrbx3tedhpeuvkz4xvqkm5c5asdd4qmzgka3qtem7q",
            "display_name": null,
            "filter": null,
            "id": "CoreImagesDataSource-2287089955",
            "images": [
              {
                "agent_features": [],
                "base_image_id": "",
                "billable_size_in_gbs": "3",
                "compartment_id": "",
                "create_image_allowed": true,
                "defined_tags": {},
                "display_name": "Canonical-Ubuntu-22.04-2025.12.09-0",
                "freeform_tags": {},
                "id": "ocid1.image.oc1.il-jerusalem-1.aaaaaaaaegmix3dnliakvsa45hbpxethmzqvh7x5hcwd5iork2bmqgiywqua",
                "image_source_details": [],
                "instance_id": "",
                "launch_mode": "NATIVE",
                "launch_options": [
                  {
                    "boot_volume_type": "PARAVIRTUALIZED",
                    "firmware": "UEFI_64",
                    "is_consistent_volume_naming_enabled": true,
                    "is_pv_encryption_in_transit_enabled": true,
                    "network_type": "PARAVIRTUALIZED",
                    "remote_data_volume_type": "PARAVIRTUALIZED"
                  }
                ],
                "listing_type": "",
                "operating_system": "Canonical Ubuntu",
                "operating_system_version": "22.04",
                "size_in_mbs": "47694",
                "state": "AVAILABLE",
                "time_created": "2025-12-13 18:36:23.246 +0000 UTC"
              },
              {
                "agent_features": [],
                "base_image_id": "",
                "billable_size_in_gbs": "3",
                "compartment_id": "",
                "create_image_allowed": true,
                "defined_tags": {},
                "display_name": "Canonical-Ubuntu-22.04-2025.10.31-0",
                "freeform_tags": {},
                "id": "ocid1.image.oc1.il-jerusalem-1.aaaaaaaasijl7hy4gwifr5yrtvu2s4qbizsfxau6j4b2c22lp3nvam7ie5nq",
                "image_source_details": [],
                "instance_id": "",
                "launch_mode": "NATIVE",
                "launch_options": [
                  {
                    "boot_volume_type": "PARAVIRTUALIZED",
                    "firmware": "UEFI_64",
                    "is_consistent_volume_naming_enabled": true,
                    "is_pv_encryption_in_transit_enabled": true,
                    "network_type": "PARAVIRTUALIZED",
                    "remote_data_volume_type": "PARAVIRTUALIZED"
                  }
                ],
                "listing_type": "",
                "operating_system": "Canonical Ubuntu",
                "operating_system_version": "22.04",
                "size_in_mbs": "47694",
                "state": "AVAILABLE",
                "time_created": "2025-11-10 09:57:18.714 +0000 UTC"
              },
              {
                "agent_features": [],
                "base_image_id": "",
                "billable_size_in_gbs": "3",
                "compartment_id": "",
                "create_image_allowed": true,
                "defined_tags": {},
                "display_name": "Canonical-Ubuntu-22.04-2025.09.22-0",
                "freeform_tags": {},
                "id": "ocid1.image.oc1.il-jerusalem-1.aaaaaaaajdd3y64mjjnnqwakilyetzgd4uryfcy5n3yiyi4bfamtqw2yoitq",
                "image_source_details": [],
                "instance_id": "",
                "launch_mode": "NATIVE",
                "launch_options": [
                  {
                    "boot_volume_type": "PARAVIRTUALIZED",
                    "firmware": "UEFI_64",
                    "is_consistent_volume_naming_enabled": true,
                    "is_pv_encryption_in_transit_enabled": true,
                    "network_type": "PARAVIRTUALIZED",
                    "remote_data_volume_type": "PARAVIRTUALIZED"
                  }
                ],
                "listing_type": "",
                "operating_system": "Canonical Ubuntu",
                "operating_system_version": "22.04",
                "size_in_mbs": "47694",
                "state": "AVAILABLE",
                "time_created": "2025-10-02 08:25:18.751 +0000 UTC"
              }
            ],
            "operating_system": "Canonical Ubuntu",
            "operating_system_version": "22.04",
            "shape": "VM.Standard.E2.1.Micro",
            "sort_by": "TIMECREATED",
            "sort_order": "DESC",
            "state": null
          },
          "sensitive_attributes": [],
          "identity_schema_version": 0
        }
      ]
    },
    {
      "mode": "data",
      "type": "oci_identity_availability_domains",
      "name": "ads",
      "provider": "provider[\"registry.terraform.io/oracle/oci\"]",
      "instances": [
        {
          "schema_version": 0,
          "attributes": {
            "availability_domains": [
              {
                "compartment_id": "ocid1.tenancy.oc1..aaaaaaaax7etnfqnplxrbx3tedhpeuvkz4xvqkm5c5asdd4qmzgka3qtem7q",
                "id": "ocid1.availabilitydomain.oc1..aaaaaaaao3gn45uuqoy3k2gkjqoch6rujfn5sxauafh5vl3tqrpf4yy2jdxq",
                "name": "aVBZ:IL-JERUSALEM-1-AD-1"
              }
            ],
            "compartment_id": "ocid1.tenancy.oc1..aaaaaaaax7etnfqnplxrbx3tedhpeuvkz4xvqkm5c5asdd4qmzgka3qtem7q",
            "filter": null,
            "id": "IdentityAvailabilityDomainsDataSource-543748057"
          },
          "sensitive_attributes": [],
          "identity_schema_version": 0
        }
      ]
    },
    {
      "mode": "data",
      "type": "oci_objectstorage_namespace",
      "name": "ns",
      "provider": "provider[\"registry.terraform.io/oracle/oci\"]",
      "instances": [
        {
          "schema_version": 0,
          "attributes": {
            "compartment_id": "ocid1.tenancy.oc1..aaaaaaaax7etnfqnplxrbx3tedhpeuvkz4xvqkm5c5asdd4qmzgka3qtem7q",
            "id": "ObjectStorageNamespaceDataSource-543748057",
            "namespace": "axamiken9q9h"
          },
          "sensitive_attributes": [],
          "identity_schema_version": 0
        }
      ]
    },
    {
      "mode": "managed",
      "type": "oci_core_default_route_table",
      "name": "render_route_table",
      "provider": "provider[\"registry.terraform.io/oracle/oci\"]",
      "instances": [
        {
          "schema_version": 0,
          "attributes": {
            "compartment_id": "ocid1.tenancy.oc1..aaaaaaaax7etnfqnplxrbx3tedhpeuvkz4xvqkm5c5asdd4qmzgka3qtem7q",
            "defined_tags": {
              "Oracle-Tags.CreatedBy": "default/shashamit3@gmail.com",
              "Oracle-Tags.CreatedOn": "2026-01-07T12:27:07.898Z"
            },
            "display_name": "render_route_table",
            "freeform_tags": {},
            "id": "ocid1.routetable.oc1.il-jerusalem-1.aaaaaaaabaspoebe5ewytxm2iv4ftm343qrfgaj373fh2eqkuzl6ns6by6kq",
            "manage_default_resource_id": "ocid1.routetable.oc1.il-jerusalem-1.aaaaaaaabaspoebe5ewytxm2iv4ftm343qrfgaj373fh2eqkuzl6ns6by6kq",
            "route_rules": [
              {
                "cidr_block": "",
                "description": "",
                "destination": "0.0.0.0/0",
                "destination_type": "CIDR_BLOCK",
                "network_entity_id": "ocid1.internetgateway.oc1.il-jerusalem-1.aaaaaaaaxjxk7k6vhyzwwltmcvsx6ubllhpspiv3javw6bct757nkafmhaya",
                "route_type": "STATIC"
              }
            ],
            "state": "AVAILABLE",
            "time_created": "2026-01-07 12:27:07.941 +0000 UTC",
            "timeouts": null
          },
          "sensitive_attributes": [],
          "identity_schema_version": 0,
          "private": "eyJlMmJmYjczMC1lY2FhLTExZTYtOGY4OC0zNDM2M2JjN2M0YzAiOnsiY3JlYXRlIjoxMjAwMDAwMDAwMDAwLCJkZWxldGUiOjEyMDAwMDAwMDAwMDAsInVwZGF0ZSI6MTIwMDAwMDAwMDAwMH19",
          "dependencies": [
            "oci_core_internet_gateway.render_ig",
            "oci_core_vcn.render_vcn"
          ]
        }
      ]
    },
    {
      "mode": "managed",
      "type": "oci_core_default_security_list",
      "name": "render_security_list",
      "provider": "provider[\"registry.terraform.io/oracle/oci\"]",
      "instances": [
        {
          "schema_version": 0,
          "attributes": {
            "compartment_id": "ocid1.tenancy.oc1..aaaaaaaax7etnfqnplxrbx3tedhpeuvkz4xvqkm5c5asdd4qmzgka3qtem7q",
            "defined_tags": {
              "Oracle-Tags.CreatedBy": "default/shashamit3@gmail.com",
              "Oracle-Tags.CreatedOn": "2026-01-07T12:27:07.898Z"
            },
            "display_name": "render_security_list",
            "egress_security_rules": [
              {
                "description": "",
                "destination": "0.0.0.0/0",
                "destination_type": "CIDR_BLOCK",
                "icmp_options": [],
                "protocol": "all",
                "stateless": false,
                "tcp_options": [],
                "udp_options": []
              }
            ],
            "freeform_tags": {},
            "id": "ocid1.securitylist.oc1.il-jerusalem-1.aaaaaaaahgpm4hciymofdyyqdl3y262ifmzqmprli63cv3niniib47lij3xa",
            "ingress_security_rules": [
              {
                "description": "",
                "icmp_options": [],
                "protocol": "6",
                "source": "0.0.0.0/0",
                "source_type": "CIDR_BLOCK",
                "stateless": false,
                "tcp_options": [
                  {
                    "max": 22,
                    "min": 22,
                    "source_port_range": []
                  }
                ],
                "udp_options": []
              },
              {
                "description": "",
                "icmp_options": [],
                "protocol": "6",
                "source": "0.0.0.0/0",
                "source_type": "CIDR_BLOCK",
                "stateless": false,
                "tcp_options": [
                  {
                    "max": 80,
                    "min": 80,
                    "source_port_range": []
                  }
                ],
                "udp_options": []
              }
            ],
            "manage_default_resource_id": "ocid1.securitylist.oc1.il-jerusalem-1.aaaaaaaahgpm4hciymofdyyqdl3y262ifmzqmprli63cv3niniib47lij3xa",
            "state": "AVAILABLE",
            "time_created": "2026-01-07 12:27:07.941 +0000 UTC",
            "timeouts": null
          },
          "sensitive_attributes": [],
          "identity_schema_version": 0,
          "private": "eyJlMmJmYjczMC1lY2FhLTExZTYtOGY4OC0zNDM2M2JjN2M0YzAiOnsiY3JlYXRlIjoxMjAwMDAwMDAwMDAwLCJkZWxldGUiOjEyMDAwMDAwMDAwMDAsInVwZGF0ZSI6MTIwMDAwMDAwMDAwMH19",
          "dependencies": [
            "oci_core_vcn.render_vcn"
          ]
        }
      ]
    },
    {
      "mode": "managed",
      "type": "oci_core_instance",
      "name": "controller_vm",
      "provider": "provider[\"registry.terraform.io/oracle/oci\"]",
      "instances": [
        {
          "schema_version": 0,
          "attributes": {
            "agent_config": [
              {
                "are_all_plugins_disabled": false,
                "is_management_disabled": false,
                "is_monitoring_disabled": false,
                "plugins_config": []
              }
            ],
            "async": null,
            "availability_config": [
              {
                "is_live_migration_preferred": false,
                "recovery_action": "RESTORE_INSTANCE"
              }
            ],
            "availability_domain": "aVBZ:IL-JERUSALEM-1-AD-1",
            "boot_volume_id": "ocid1.bootvolume.oc1.il-jerusalem-1.abwxiljrskxkfok32k6dvua3kurfbyl7hak3vmzhbfe5nehbinvwavbmavva",
            "capacity_reservation_id": null,
            "cluster_placement_group_id": null,
            "compartment_id": "ocid1.tenancy.oc1..aaaaaaaax7etnfqnplxrbx3tedhpeuvkz4xvqkm5c5asdd4qmzgka3qtem7q",
            "compute_cluster_id": null,
            "create_vnic_details": [
              {
                "assign_ipv6ip": false,
                "assign_private_dns_record": false,
                "assign_public_ip": "true",
                "defined_tags": {
                  "Oracle-Tags.CreatedBy": "default/shashamit3@gmail.com",
                  "Oracle-Tags.CreatedOn": "2026-01-07T12:38:13.361Z"
                },
                "display_name": "Render_Controller",
                "freeform_tags": {},
                "hostname_label": "render-controller",
                "ipv6address_ipv6subnet_cidr_pair_details": [],
                "nsg_ids": [],
                "private_ip": "10.0.1.96",
                "security_attributes": {},
                "skip_source_dest_check": false,
                "subnet_cidr": "",
                "subnet_id": "ocid1.subnet.oc1.il-jerusalem-1.aaaaaaaadeoor6rzltabe5qrifhv72eyzww2dx2is4wl5t2msnp6nw62l6fq",
                "vlan_id": ""
              }
            ],
            "dedicated_vm_host_id": null,
            "defined_tags": {
              "Oracle-Tags.CreatedBy": "default/shashamit3@gmail.com",
              "Oracle-Tags.CreatedOn": "2026-01-07T12:38:13.270Z"
            },
            "display_name": "Render_Controller",
            "extended_metadata": {},
            "fault_domain": "FAULT-DOMAIN-2",
            "freeform_tags": {},
            "hostname_label": "render-controller",
            "id": "ocid1.instance.oc1.il-jerusalem-1.anwxiljr77u4iqicqgbajzmdlttsxekvatpdrqqpxhjtlkthtanchcgmaiqq",
            "image": "ocid1.image.oc1.il-jerusalem-1.aaaaaaaaegmix3dnliakvsa45hbpxethmzqvh7x5hcwd5iork2bmqgiywqua",
            "instance_configuration_id": null,
            "instance_options": [
              {
                "are_legacy_imds_endpoints_disabled": false
              }
            ],
            "ipxe_script": null,
            "is_ai_enterprise_enabled": null,
            "is_cross_numa_node": false,
            "is_pv_encryption_in_transit_enabled": null,
            "launch_mode": "PARAVIRTUALIZED",
            "launch_options": [
              {
                "boot_volume_type": "PARAVIRTUALIZED",
                "firmware": "UEFI_64",
                "is_consistent_volume_naming_enabled": true,
                "is_pv_encryption_in_transit_enabled": false,
                "network_type": "PARAVIRTUALIZED",
                "remote_data_volume_type": "PARAVIRTUALIZED"
              }
            ],
            "launch_volume_attachments": null,
            "licensing_configs": [],
            "metadata": {
              "ssh_authorized_keys": "ssh-ed25519 AAAAC3NzaC1lZDI1NTE5AAAAINs3kFcLycTUuCdqtz4qoq7wulMl5BhSmCutzqsy2x+F shash@LAPTOP-3HETEJS8\n",
              "user_data": "IyEvYmluL2Jhc2gNCiMgMS4g16LXk9eb15XXnyDXlNee16LXqNeb16og15XXlNeq16fXoNeqIE5vZGUuanMg15UtTlBNDQphcHQtZ2V0IHVwZGF0ZQ0KY3VybCAtc0wgaHR0cHM6Ly9kZWIubm9kZXNvdXJjZS5jb20vc2V0dXBfMTgueCB8IHN1ZG8gLUUgYmFzaCAtDQphcHQtZ2V0IGluc3RhbGwgLXkgbm9kZWpzDQoNCiMgMi4g15nXpteZ16jXqiDXqteZ16fXmdeZ16og16LXkdeV15PXlCDXnNeQ16TXnNeZ16fXpteZ15QNCm1rZGlyIC1wIC9ob21lL3VidW50dS9jb250cm9sbGVyLWJhY2tlbmQNCmNkIC9ob21lL3VidW50dS9jb250cm9sbGVyLWJhY2tlbmQNCg0KIyAzLiDXmdem15nXqNeqINen15XXkdelIHBhY2thZ2UuanNvbiDXkdeh15nXodeZDQpjYXQgPDxFT1QgPiBwYWNrYWdlLmpzb24NCnsNCiAgIm5hbWUiOiAiY29udHJvbGxlci1iYWNrZW5kIiwNCiAgInZlcnNpb24iOiAiMS4wLjAiLA0KICAibWFpbiI6ICJpbmRleC5qcyIsDQogICJkZXBlbmRlbmNpZXMiOiB7DQogICAgImV4cHJlc3MiOiAiXjQuMTguMiIsDQogICAgIm9jaS1jb21tb24iOiAiXjIuNzMuMCIsDQogICAgIm9jaS1jb3JlIjogIl4yLjczLjAiLA0KICAgICJvY2ktb2JqZWN0c3RvcmFnZSI6ICJeMi43My4wIg0KICB9DQp9DQpFT1QNCg0KIyA0LiDXlNeq16fXoNeqINeU16rXnNeV15nXldeqDQpucG0gaW5zdGFsbA0KICAgICAgDQojIDUuINep15nXoNeV15kg15TXqNep15DXldeqINec16rXmden15nXmdeUINeb15PXmSDXqdee16nXqtee16kgdWJ1bnR1INeZ15XXm9ecINec16LXkdeV15Mg16LXnNeZ15QNCmNob3duIC1SIHVidW50dTp1YnVudHUgL2hvbWUvdWJ1bnR1L2NvbnRyb2xsZXItYmFja2VuZA0KDQplY2hvICJOb2RlLmpzIEVudmlyb25tZW50IFJlYWR5IiA+IC9ob21lL3VidW50dS9zZXR1cF9zdGF0dXMudHh0DQo="
            },
            "placement_constraint_details": [],
            "platform_config": [],
            "preemptible_instance_config": [],
            "preserve_boot_volume": null,
            "preserve_data_volumes_created_at_launch": null,
            "private_ip": "10.0.1.96",
            "public_ip": "129.159.152.122",
            "region": "il-jerusalem-1",
            "security_attributes": {},
            "security_attributes_state": "STABLE",
            "shape": "VM.Standard.E2.1.Micro",
            "shape_config": [
              {
                "baseline_ocpu_utilization": "",
                "gpu_description": "",
                "gpus": 0,
                "local_disk_description": "",
                "local_disks": 0,
                "local_disks_total_size_in_gbs": 0,
                "max_vnic_attachments": 1,
                "memory_in_gbs": 1,
                "networking_bandwidth_in_gbps": 0.5,
                "nvmes": 0,
                "ocpus": 1,
                "processor_description": "2.25 GHz AMD EPYC™ 7742 (Rome)",
                "resource_management": "",
                "vcpus": 2
              }
            ],
            "source_details": [
              {
                "boot_volume_size_in_gbs": "47",
                "boot_volume_vpus_per_gb": "10",
                "instance_source_image_filter_details": [],
                "is_preserve_boot_volume_enabled": false,
                "kms_key_id": "",
                "source_id": "ocid1.image.oc1.il-jerusalem-1.aaaaaaaaegmix3dnliakvsa45hbpxethmzqvh7x5hcwd5iork2bmqgiywqua",
                "source_type": "image"
              }
            ],
            "state": "RUNNING",
            "subnet_id": "ocid1.subnet.oc1.il-jerusalem-1.aaaaaaaadeoor6rzltabe5qrifhv72eyzww2dx2is4wl5t2msnp6nw62l6fq",
            "system_tags": {
              "orcl-cloud.free-tier-retained": "true"
            },
            "time_created": "2026-01-07 12:38:13.732 +0000 UTC",
            "time_maintenance_reboot_due": "",
            "timeouts": null,
            "update_operation_constraint": null
          },
          "sensitive_attributes": [],
          "identity_schema_version": 0,
          "private": "eyJlMmJmYjczMC1lY2FhLTExZTYtOGY4OC0zNDM2M2JjN2M0YzAiOnsiY3JlYXRlIjoyNzAwMDAwMDAwMDAwLCJkZWxldGUiOjQ1MDAwMDAwMDAwMDAsInVwZGF0ZSI6MjcwMDAwMDAwMDAwMH19",
          "dependencies": [
            "data.oci_core_images.ubuntu_x86",
            "data.oci_identity_availability_domains.ads",
            "oci_core_default_route_table.render_route_table",
            "oci_core_default_security_list.render_security_list",
            "oci_core_internet_gateway.render_ig",
            "oci_core_subnet.render_subnet",
            "oci_core_vcn.render_vcn"
          ]
        }
      ]
    },
    {
      "mode": "managed",
      "type": "oci_core_instance",
      "name": "render_worker",
      "provider": "provider[\"registry.terraform.io/oracle/oci\"]",
      "instances": [
        {
          "schema_version": 0,
          "attributes": {
            "agent_config": [
              {
                "are_all_plugins_disabled": false,
                "is_management_disabled": false,
                "is_monitoring_disabled": false,
                "plugins_config": []
              }
            ],
            "async": null,
            "availability_config": [
              {
                "is_live_migration_preferred": false,
                "recovery_action": "RESTORE_INSTANCE"
              }
            ],
            "availability_domain": "aVBZ:IL-JERUSALEM-1-AD-1",
            "boot_volume_id": "ocid1.bootvolume.oc1.il-jerusalem-1.abwxiljr6xfbcftyprha2fw6czeefr4rq3ycjdre3lljuda3tpkyx7kfbtpq",
            "capacity_reservation_id": null,
            "cluster_placement_group_id": null,
            "compartment_id": "ocid1.tenancy.oc1..aaaaaaaax7etnfqnplxrbx3tedhpeuvkz4xvqkm5c5asdd4qmzgka3qtem7q",
            "compute_cluster_id": null,
            "create_vnic_details": [
              {
                "assign_ipv6ip": false,
                "assign_private_dns_record": false,
                "assign_public_ip": "true",
                "defined_tags": {
                  "Oracle-Tags.CreatedBy": "default/shashamit3@gmail.com",
                  "Oracle-Tags.CreatedOn": "2026-01-07T12:38:13.361Z"
                },
                "display_name": "primaryvnic",
                "freeform_tags": {},
                "hostname_label": "primaryvnic",
                "ipv6address_ipv6subnet_cidr_pair_details": [],
                "nsg_ids": [],
                "private_ip": "10.0.1.244",
                "security_attributes": {},
                "skip_source_dest_check": false,
                "subnet_cidr": "",
                "subnet_id": "ocid1.subnet.oc1.il-jerusalem-1.aaaaaaaadeoor6rzltabe5qrifhv72eyzww2dx2is4wl5t2msnp6nw62l6fq",
                "vlan_id": ""
              }
            ],
            "dedicated_vm_host_id": null,
            "defined_tags": {
              "Oracle-Tags.CreatedBy": "default/shashamit3@gmail.com",
              "Oracle-Tags.CreatedOn": "2026-01-07T12:38:13.270Z"
            },
            "display_name": "instance20260107123813",
            "extended_metadata": {},
            "fault_domain": "FAULT-DOMAIN-2",
            "freeform_tags": {},
            "hostname_label": "primaryvnic",
            "id": "ocid1.instance.oc1.il-jerusalem-1.anwxiljr77u4iqicz5cvhv3zrrpkrfludzwqu2nqyx25bahr57uvi6ktgiuq",
            "image": "ocid1.image.oc1.il-jerusalem-1.aaaaaaaaegmix3dnliakvsa45hbpxethmzqvh7x5hcwd5iork2bmqgiywqua",
            "instance_configuration_id": null,
            "instance_options": [
              {
                "are_legacy_imds_endpoints_disabled": false
              }
            ],
            "ipxe_script": null,
            "is_ai_enterprise_enabled": null,
            "is_cross_numa_node": false,
            "is_pv_encryption_in_transit_enabled": null,
            "launch_mode": "PARAVIRTUALIZED",
            "launch_options": [
              {
                "boot_volume_type": "PARAVIRTUALIZED",
                "firmware": "UEFI_64",
                "is_consistent_volume_naming_enabled": true,
                "is_pv_encryption_in_transit_enabled": false,
                "network_type": "PARAVIRTUALIZED",
                "remote_data_volume_type": "PARAVIRTUALIZED"
              }
            ],
            "launch_volume_attachments": null,
            "licensing_configs": [],
            "metadata": {
              "ssh_authorized_keys": "ssh-ed25519 AAAAC3NzaC1lZDI1NTE5AAAAINs3kFcLycTUuCdqtz4qoq7wulMl5BhSmCutzqsy2x+F shash@LAPTOP-3HETEJS8\n",
              "user_data": "IyEvYmluL2Jhc2gNCiMg15nXpteZ16jXqiDXlteZ15vXqNeV158g15XXmdeo15jXldeQ15zXmSAoU3dhcCkg16nXnCA0R0Ig15vXk9eZINec16LXlteV16gg15zXkdeZ16bXldei15nXnQ0KZmFsbG9jYXRlIC1sIDRHIC9zd2FwZmlsZQ0KY2htb2QgNjAwIC9zd2FwZmlsZQ0KbWtzd2FwIC9zd2FwZmlsZQ0Kc3dhcG9uIC9zd2FwZmlsZQ0KZWNobyAnL3N3YXBmaWxlIG5vbmUgc3dhcCBzdyAwIDAnID4+IC9ldGMvZnN0YWINCg0KIyDXoteT15vXldefINeV15TXqten16DXqiBCbGVuZGVyDQphcHQtZ2V0IHVwZGF0ZQ0KYXB0LWdldCBpbnN0YWxsIC15IGJsZW5kZXINCmVjaG8gIkluc3RhbGxhdGlvbiBjb21wbGV0ZSB3aXRoIFN3YXAiID4gL2hvbWUvdWJ1bnR1L3N0YXR1cy50eHQNCg=="
            },
            "placement_constraint_details": [],
            "platform_config": [],
            "preemptible_instance_config": [],
            "preserve_boot_volume": null,
            "preserve_data_volumes_created_at_launch": null,
            "private_ip": "10.0.1.244",
            "public_ip": "158.178.130.69",
            "region": "il-jerusalem-1",
            "security_attributes": {},
            "security_attributes_state": "STABLE",
            "shape": "VM.Standard.E2.1.Micro",
            "shape_config": [
              {
                "baseline_ocpu_utilization": "",
                "gpu_description": "",
                "gpus": 0,
                "local_disk_description": "",
                "local_disks": 0,
                "local_disks_total_size_in_gbs": 0,
                "max_vnic_attachments": 1,
                "memory_in_gbs": 1,
                "networking_bandwidth_in_gbps": 0.5,
                "nvmes": 0,
                "ocpus": 1,
                "processor_description": "2.25 GHz AMD EPYC™ 7742 (Rome)",
                "resource_management": "",
                "vcpus": 2
              }
            ],
            "source_details": [
              {
                "boot_volume_size_in_gbs": "47",
                "boot_volume_vpus_per_gb": "10",
                "instance_source_image_filter_details": [],
                "is_preserve_boot_volume_enabled": false,
                "kms_key_id": "",
                "source_id": "ocid1.image.oc1.il-jerusalem-1.aaaaaaaaegmix3dnliakvsa45hbpxethmzqvh7x5hcwd5iork2bmqgiywqua",
                "source_type": "image"
              }
            ],
            "state": "RUNNING",
            "subnet_id": "ocid1.subnet.oc1.il-jerusalem-1.aaaaaaaadeoor6rzltabe5qrifhv72eyzww2dx2is4wl5t2msnp6nw62l6fq",
            "system_tags": {
              "orcl-cloud.free-tier-retained": "true"
            },
            "time_created": "2026-01-07 12:38:13.766 +0000 UTC",
            "time_maintenance_reboot_due": "",
            "timeouts": null,
            "update_operation_constraint": null
          },
          "sensitive_attributes": [],
          "identity_schema_version": 0,
          "private": "eyJlMmJmYjczMC1lY2FhLTExZTYtOGY4OC0zNDM2M2JjN2M0YzAiOnsiY3JlYXRlIjoyNzAwMDAwMDAwMDAwLCJkZWxldGUiOjQ1MDAwMDAwMDAwMDAsInVwZGF0ZSI6MjcwMDAwMDAwMDAwMH19",
          "dependencies": [
            "data.oci_core_images.ubuntu_x86",
            "data.oci_identity_availability_domains.ads",
            "oci_core_default_route_table.render_route_table",
            "oci_core_default_security_list.render_security_list",
            "oci_core_internet_gateway.render_ig",
            "oci_core_subnet.render_subnet",
            "oci_core_vcn.render_vcn"
          ]
        }
      ]
    },
    {
      "mode": "managed",
      "type": "oci_core_internet_gateway",
      "name": "render_ig",
      "provider": "provider[\"registry.terraform.io/oracle/oci\"]",
      "instances": [
        {
          "schema_version": 0,
          "attributes": {
            "compartment_id": "ocid1.tenancy.oc1..aaaaaaaax7etnfqnplxrbx3tedhpeuvkz4xvqkm5c5asdd4qmzgka3qtem7q",
            "defined_tags": {
              "Oracle-Tags.CreatedBy": "default/shashamit3@gmail.com",
              "Oracle-Tags.CreatedOn": "2026-01-07T12:27:08.420Z"
            },
            "display_name": "render_internet_gateway",
            "enabled": true,
            "freeform_tags": {},
            "id": "ocid1.internetgateway.oc1.il-jerusalem-1.aaaaaaaaxjxk7k6vhyzwwltmcvsx6ubllhpspiv3javw6bct757nkafmhaya",
            "route_table_id": null,
            "state": "AVAILABLE",
            "time_created": "2026-01-07 12:27:08.443 +0000 UTC",
            "timeouts": null,
            "vcn_id": "ocid1.vcn.oc1.il-jerusalem-1.amaaaaaa77u4iqiaz2m2qxvhsfoi3n5ee3lzu4sknhrwqt5uywzh2t5lidbq"
          },
          "sensitive_attributes": [],
          "identity_schema_version": 0,
          "private": "eyJlMmJmYjczMC1lY2FhLTExZTYtOGY4OC0zNDM2M2JjN2M0YzAiOnsiY3JlYXRlIjoxMjAwMDAwMDAwMDAwLCJkZWxldGUiOjEyMDAwMDAwMDAwMDAsInVwZGF0ZSI6MTIwMDAwMDAwMDAwMH19",
          "dependencies": [
            "oci_core_vcn.render_vcn"
          ]
        }
      ]
    },
    {
      "mode": "managed",
      "type": "oci_core_subnet",
      "name": "render_subnet",
      "provider": "provider[\"registry.terraform.io/oracle/oci\"]",
      "instances": [
        {
          "schema_version": 0,
          "attributes": {
            "availability_domain": null,
            "cidr_block": "10.0.1.0/24",
            "compartment_id": "ocid1.tenancy.oc1..aaaaaaaax7etnfqnplxrbx3tedhpeuvkz4xvqkm5c5asdd4qmzgka3qtem7q",
            "defined_tags": {
              "Oracle-Tags.CreatedBy": "default/shashamit3@gmail.com",
              "Oracle-Tags.CreatedOn": "2026-01-07T12:27:09.259Z"
            },
            "dhcp_options_id": "ocid1.dhcpoptions.oc1.il-jerusalem-1.aaaaaaaa22zixa4gpvyrz6opix4dympl7ncfogvwtza4jsu2wjdmkgwey2ea",
            "display_name": "render_subnet",
            "dns_label": "rendersubnet",
            "freeform_tags": {},
            "id": "ocid1.subnet.oc1.il-jerusalem-1.aaaaaaaadeoor6rzltabe5qrifhv72eyzww2dx2is4wl5t2msnp6nw62l6fq",
            "ipv4cidr_blocks": [
              "10.0.1.0/24"
            ],
            "ipv6cidr_block": null,
            "ipv6cidr_blocks": [],
            "ipv6virtual_router_ip": null,
            "prohibit_internet_ingress": false,
            "prohibit_public_ip_on_vnic": false,
            "route_table_id": "ocid1.routetable.oc1.il-jerusalem-1.aaaaaaaabaspoebe5ewytxm2iv4ftm343qrfgaj373fh2eqkuzl6ns6by6kq",
            "security_list_ids": [
              "ocid1.securitylist.oc1.il-jerusalem-1.aaaaaaaahgpm4hciymofdyyqdl3y262ifmzqmprli63cv3niniib47lij3xa"
            ],
            "state": "AVAILABLE",
            "subnet_domain_name": "rendersubnet.rendervcn.oraclevcn.com",
            "time_created": "2026-01-07 12:27:09.3 +0000 UTC",
            "timeouts": null,
            "vcn_id": "ocid1.vcn.oc1.il-jerusalem-1.amaaaaaa77u4iqiaz2m2qxvhsfoi3n5ee3lzu4sknhrwqt5uywzh2t5lidbq",
            "virtual_router_ip": "10.0.1.1",
            "virtual_router_mac": "00:00:17:63:3D:0F"
          },
          "sensitive_attributes": [],
          "identity_schema_version": 0,
          "private": "eyJlMmJmYjczMC1lY2FhLTExZTYtOGY4OC0zNDM2M2JjN2M0YzAiOnsiY3JlYXRlIjoxMjAwMDAwMDAwMDAwLCJkZWxldGUiOjEyMDAwMDAwMDAwMDAsInVwZGF0ZSI6MTIwMDAwMDAwMDAwMH19",
          "dependencies": [
            "oci_core_default_route_table.render_route_table",
            "oci_core_default_security_list.render_security_list",
            "oci_core_internet_gateway.render_ig",
            "oci_core_vcn.render_vcn"
          ]
        }
      ]
    },
    {
      "mode": "managed",
      "type": "oci_core_vcn",
      "name": "render_vcn",
      "provider": "provider[\"registry.terraform.io/oracle/oci\"]",
      "instances": [
        {
          "schema_version": 0,
          "attributes": {
            "byoipv6cidr_blocks": [],
            "byoipv6cidr_details": [],
            "cidr_block": "10.0.0.0/16",
            "cidr_blocks": [
              "10.0.0.0/16"
            ],
            "compartment_id": "ocid1.tenancy.oc1..aaaaaaaax7etnfqnplxrbx3tedhpeuvkz4xvqkm5c5asdd4qmzgka3qtem7q",
            "default_dhcp_options_id": "ocid1.dhcpoptions.oc1.il-jerusalem-1.aaaaaaaa22zixa4gpvyrz6opix4dympl7ncfogvwtza4jsu2wjdmkgwey2ea",
            "default_route_table_id": "ocid1.routetable.oc1.il-jerusalem-1.aaaaaaaabaspoebe5ewytxm2iv4ftm343qrfgaj373fh2eqkuzl6ns6by6kq",
            "default_security_list_id": "ocid1.securitylist.oc1.il-jerusalem-1.aaaaaaaahgpm4hciymofdyyqdl3y262ifmzqmprli63cv3niniib47lij3xa",
            "defined_tags": {
              "Oracle-Tags.CreatedBy": "default/shashamit3@gmail.com",
              "Oracle-Tags.CreatedOn": "2026-01-07T12:27:07.898Z"
            },
            "display_name": "render_vcn",
            "dns_label": "rendervcn",
            "freeform_tags": {},
            "id": "ocid1.vcn.oc1.il-jerusalem-1.amaaaaaa77u4iqiaz2m2qxvhsfoi3n5ee3lzu4sknhrwqt5uywzh2t5lidbq",
            "ipv6cidr_blocks": [],
            "ipv6private_cidr_blocks": [],
            "is_ipv6enabled": false,
            "is_oracle_gua_allocation_enabled": null,
            "security_attributes": {},
            "state": "AVAILABLE",
            "time_created": "2026-01-07 12:27:07.941 +0000 UTC",
            "timeouts": null,
            "vcn_domain_name": "rendervcn.oraclevcn.com"
          },
          "sensitive_attributes": [],
          "identity_schema_version": 0,
          "private": "eyJlMmJmYjczMC1lY2FhLTExZTYtOGY4OC0zNDM2M2JjN2M0YzAiOnsiY3JlYXRlIjoxMjAwMDAwMDAwMDAwLCJkZWxldGUiOjEyMDAwMDAwMDAwMDAsInVwZGF0ZSI6MTIwMDAwMDAwMDAwMH19"
        }
      ]
    },
    {
      "mode": "managed",
      "type": "oci_identity_dynamic_group",
      "name": "controller_group",
      "provider": "provider[\"registry.terraform.io/oracle/oci\"]",
      "instances": [
        {
          "schema_version": 0,
          "attributes": {
            "compartment_id": "ocid1.tenancy.oc1..aaaaaaaax7etnfqnplxrbx3tedhpeuvkz4xvqkm5c5asdd4qmzgka3qtem7q",
            "defined_tags": {
              "Oracle-Tags.CreatedBy": "default/shashamit3@gmail.com",
              "Oracle-Tags.CreatedOn": "2026-01-07T12:38:48.088Z"
            },
            "description": "Group for the Controller VM",
            "freeform_tags": {},
            "id": "ocid1.dynamicgroup.oc1..aaaaaaaabfdxozdptktsw42hjztw3ee2m7vgmesxo4eq4akgq22g5fuy3fhq",
            "inactive_state": null,
            "matching_rule": "ALL {instance.id = 'ocid1.instance.oc1.il-jerusalem-1.anwxiljr77u4iqicqgbajzmdlttsxekvatpdrqqpxhjtlkthtanchcgmaiqq'}",
            "name": "ControllerDynamicGroup",
            "state": "ACTIVE",
            "time_created": "2026-01-07 12:38:48.146 +0000 UTC",
            "timeouts": null
          },
          "sensitive_attributes": [],
          "identity_schema_version": 0,
          "private": "eyJlMmJmYjczMC1lY2FhLTExZTYtOGY4OC0zNDM2M2JjN2M0YzAiOnsiY3JlYXRlIjoxMjAwMDAwMDAwMDAwLCJkZWxldGUiOjEyMDAwMDAwMDAwMDAsInVwZGF0ZSI6MTIwMDAwMDAwMDAwMH19",
          "dependencies": [
            "data.oci_core_images.ubuntu_x86",
            "data.oci_identity_availability_domains.ads",
            "oci_core_default_route_table.render_route_table",
            "oci_core_default_security_list.render_security_list",
            "oci_core_instance.controller_vm",
            "oci_core_internet_gateway.render_ig",
            "oci_core_subnet.render_subnet",
            "oci_core_vcn.render_vcn"
          ]
        }
      ]
    },
    {
      "mode": "managed",
      "type": "oci_identity_policy",
      "name": "controller_policy",
      "provider": "provider[\"registry.terraform.io/oracle/oci\"]",
      "instances": [
        {
          "schema_version": 0,
          "attributes": {
            "ETag": "d694446fd7a221db7c1efc48cd5aa6ce963756a2",
            "compartment_id": "ocid1.tenancy.oc1..aaaaaaaax7etnfqnplxrbx3tedhpeuvkz4xvqkm5c5asdd4qmzgka3qtem7q",
            "defined_tags": {
              "Oracle-Tags.CreatedBy": "default/shashamit3@gmail.com",
              "Oracle-Tags.CreatedOn": "2026-01-07T12:38:13.407Z"
            },
            "description": "Policy for Controller to manage workers and storage",
            "freeform_tags": {},
            "id": "ocid1.policy.oc1..aaaaaaaa6wd7xkdai2haqx3tfd3hatmrjnpucnvnmaqrszstiom4zfjw4ina",
            "inactive_state": null,
            "lastUpdateETag": "d694446fd7a221db7c1efc48cd5aa6ce963756a2",
            "name": "ControllerPolicy",
            "policyHash": "0fa40275ea4594cd480420f6c61a12e6",
            "state": "ACTIVE",
            "statements": [
              "Allow dynamic-group ControllerDynamicGroup to manage instances in compartment id ocid1.tenancy.oc1..aaaaaaaax7etnfqnplxrbx3tedhpeuvkz4xvqkm5c5asdd4qmzgka3qtem7q",
              "Allow dynamic-group ControllerDynamicGroup to manage objects in compartment id ocid1.tenancy.oc1..aaaaaaaax7etnfqnplxrbx3tedhpeuvkz4xvqkm5c5asdd4qmzgka3qtem7q"
            ],
            "time_created": "2026-01-07 12:38:13.457 +0000 UTC",
            "timeouts": null,
            "version_date": null
          },
          "sensitive_attributes": [],
          "identity_schema_version": 0,
          "private": "eyJlMmJmYjczMC1lY2FhLTExZTYtOGY4OC0zNDM2M2JjN2M0YzAiOnsiY3JlYXRlIjoxMjAwMDAwMDAwMDAwLCJkZWxldGUiOjEyMDAwMDAwMDAwMDAsInVwZGF0ZSI6MTIwMDAwMDAwMDAwMH19"
        }
      ]
    },
    {
      "mode": "managed",
      "type": "oci_objectstorage_bucket",
      "name": "frontend_bucket",
      "provider": "provider[\"registry.terraform.io/oracle/oci\"]",
      "instances": [
        {
          "schema_version": 0,
          "attributes": {
            "access_type": "ObjectRead",
            "approximate_count": "0",
            "approximate_size": "0",
            "auto_tiering": "Disabled",
            "bucket_id": "ocid1.bucket.oc1.il-jerusalem-1.aaaaaaaa7smendgwqknrrwth4uz4pvk64gvs3a2sbvubpksdftq6ttl7r5eq",
            "compartment_id": "ocid1.tenancy.oc1..aaaaaaaax7etnfqnplxrbx3tedhpeuvkz4xvqkm5c5asdd4qmzgka3qtem7q",
            "created_by": "ocid1.user.oc1..aaaaaaaay2zl2w52jpta33c7mlyc5mqzhqpaam4tpzanfppt4sazuuywljbq",
            "defined_tags": {
              "Oracle-Tags.CreatedBy": "default/shashamit3@gmail.com",
              "Oracle-Tags.CreatedOn": "2026-01-07T12:38:13.046Z"
            },
            "etag": "6dc355fb-fb44-45c7-95ab-8c30f301a598",
            "freeform_tags": {},
            "id": "n/axamiken9q9h/b/render_frontend_bucket",
            "is_read_only": false,
            "kms_key_id": null,
            "metadata": null,
            "name": "render_frontend_bucket",
            "namespace": "axamiken9q9h",
            "object_events_enabled": false,
            "object_lifecycle_policy_etag": null,
            "replication_enabled": false,
            "retention_rules": [],
            "storage_tier": "Standard",
            "time_created": "2026-01-07 12:38:13.053 +0000 UTC",
            "timeouts": null,
            "versioning": "Disabled"
          },
          "sensitive_attributes": [],
          "identity_schema_version": 0,
          "private": "eyJlMmJmYjczMC1lY2FhLTExZTYtOGY4OC0zNDM2M2JjN2M0YzAiOnsiY3JlYXRlIjoxMjAwMDAwMDAwMDAwLCJkZWxldGUiOjEyMDAwMDAwMDAwMDAsInVwZGF0ZSI6MTIwMDAwMDAwMDAwMH19",
          "dependencies": [
            "data.oci_objectstorage_namespace.ns"
          ]
        }
      ]
    },
    {
      "mode": "managed",
      "type": "oci_objectstorage_bucket",
      "name": "input_bucket",
      "provider": "provider[\"registry.terraform.io/oracle/oci\"]",
      "instances": [
        {
          "schema_version": 0,
          "attributes": {
            "access_type": "NoPublicAccess",
            "approximate_count": "0",
            "approximate_size": "0",
            "auto_tiering": "Disabled",
            "bucket_id": "ocid1.bucket.oc1.il-jerusalem-1.aaaaaaaa3bysvxd6kwthgx6bfzboa2geh2mlstcswkbznyk6uwifv4xhrvoa",
            "compartment_id": "ocid1.tenancy.oc1..aaaaaaaax7etnfqnplxrbx3tedhpeuvkz4xvqkm5c5asdd4qmzgka3qtem7q",
            "created_by": "ocid1.user.oc1..aaaaaaaay2zl2w52jpta33c7mlyc5mqzhqpaam4tpzanfppt4sazuuywljbq",
            "defined_tags": {
              "Oracle-Tags.CreatedBy": "default/shashamit3@gmail.com",
              "Oracle-Tags.CreatedOn": "2026-01-07T12:38:12.999Z"
            },
            "etag": "0400229f-49f4-4367-95c9-769ae95d25ef",
            "freeform_tags": {},
            "id": "n/axamiken9q9h/b/render_input_bucket",
            "is_read_only": false,
            "kms_key_id": null,
            "metadata": null,
            "name": "render_input_bucket",
            "namespace": "axamiken9q9h",
            "object_events_enabled": false,
            "object_lifecycle_policy_etag": null,
            "replication_enabled": false,
            "retention_rules": [],
            "storage_tier": "Standard",
            "time_created": "2026-01-07 12:38:13.024 +0000 UTC",
            "timeouts": null,
            "versioning": "Disabled"
          },
          "sensitive_attributes": [],
          "identity_schema_version": 0,
          "private": "eyJlMmJmYjczMC1lY2FhLTExZTYtOGY4OC0zNDM2M2JjN2M0YzAiOnsiY3JlYXRlIjoxMjAwMDAwMDAwMDAwLCJkZWxldGUiOjEyMDAwMDAwMDAwMDAsInVwZGF0ZSI6MTIwMDAwMDAwMDAwMH19",
          "dependencies": [
            "data.oci_objectstorage_namespace.ns"
          ]
        }
      ]
    },
    {
      "mode": "managed",
      "type": "oci_objectstorage_bucket",
      "name": "output_bucket",
      "provider": "provider[\"registry.terraform.io/oracle/oci\"]",
      "instances": [
        {
          "schema_version": 0,
          "attributes": {
            "access_type": "NoPublicAccess",
            "approximate_count": "0",
            "approximate_size": "0",
            "auto_tiering": "Disabled",
            "bucket_id": "ocid1.bucket.oc1.il-jerusalem-1.aaaaaaaabsqfmg4i6iqikuh6lyhvvmagd3h6gpfwks2erq7q22ecoqlsx3ja",
            "compartment_id": "ocid1.tenancy.oc1..aaaaaaaax7etnfqnplxrbx3tedhpeuvkz4xvqkm5c5asdd4qmzgka3qtem7q",
            "created_by": "ocid1.user.oc1..aaaaaaaay2zl2w52jpta33c7mlyc5mqzhqpaam4tpzanfppt4sazuuywljbq",
            "defined_tags": {
              "Oracle-Tags.CreatedBy": "default/shashamit3@gmail.com",
              "Oracle-Tags.CreatedOn": "2026-01-07T12:38:12.999Z"
            },
            "etag": "1bd28e7c-529a-4fc9-ae20-3b742fe225a9",
            "freeform_tags": {},
            "id": "n/axamiken9q9h/b/render_output_bucket",
            "is_read_only": false,
            "kms_key_id": null,
            "metadata": null,
            "name": "render_output_bucket",
            "namespace": "axamiken9q9h",
            "object_events_enabled": false,
            "object_lifecycle_policy_etag": null,
            "replication_enabled": false,
            "retention_rules": [],
            "storage_tier": "Standard",
            "time_created": "2026-01-07 12:38:13.004 +0000 UTC",
            "timeouts": null,
            "versioning": "Disabled"
          },
          "sensitive_attributes": [],
          "identity_schema_version": 0,
          "private": "eyJlMmJmYjczMC1lY2FhLTExZTYtOGY4OC0zNDM2M2JjN2M0YzAiOnsiY3JlYXRlIjoxMjAwMDAwMDAwMDAwLCJkZWxldGUiOjEyMDAwMDAwMDAwMDAsInVwZGF0ZSI6MTIwMDAwMDAwMDAwMH19",
          "dependencies": [
            "data.oci_objectstorage_namespace.ns"
          ]
        }
      ]
    }
  ],
  "check_results": null
}
